
Microsoft Visual Studio Solution File, Format Version 12.00
# Visual Studio Version 17
VisualStudioVersion = 17.0.31606.5
MinimumVisualStudioVersion = 10.0.40219.1
Project("{9A19103F-16F7-4668-BE54-9A1E7A4F7556}") = "databaseAPI", "databaseAPI.csproj", "{FEFEFADE-6C2A-4427-A461-D1CBE0925010}"
EndProject
Global
	GlobalSection(SolutionConfigurationPlatforms) = preSolution
		Debug|Any CPU = Debug|Any CPU
		Release|Any CPU = Release|Any CPU
	EndGlobalSection
	GlobalSection(ProjectConfigurationPlatforms) = postSolution
		{FEFEFADE-6C2A-4427-A461-D1CBE0925010}.Debug|Any CPU.ActiveCfg = Debug|Any CPU
		{FEFEFADE-6C2A-4427-A461-D1CBE0925010}.Debug|Any CPU.Build.0 = Debug|Any CPU
		{FEFEFADE-6C2A-4427-A461-D1CBE0925010}.Release|Any CPU.ActiveCfg = Release|Any CPU
		{FEFEFADE-6C2A-4427-A461-D1CBE0925010}.Release|Any CPU.Build.0 = Release|Any CPU
	EndGlobalSection
	GlobalSection(SolutionProperties) = preSolution
		HideSolutionNode = FALSE
	EndGlobalSection
	GlobalSection(ExtensibilityGlobals) = postSolution
		SolutionGuid = {944D6628-077F-4E8E-85A5-0E26CC254E71}
	EndGlobalSection
EndGlobal
